
Microsoft Visual Studio Solution File, Format Version 12.00
# Visual Studio Version 17
VisualStudioVersion = 17.0.32014.148
MinimumVisualStudioVersion = 10.0.40219.1
Project("{8BC9CEB8-8B4A-11D0-8D11-00A0C91BC942}") = "BaseC", "BaseC\BaseC.vcxproj", "{B6578B2F-ADE2-4C4D-9811-F76FD74611E0}"
EndProject
Project("{8BC9CEB8-8B4A-11D0-8D11-00A0C91BC942}") = "TestArray", "TestArray\TestArray.vcxproj", "{28763B52-FE6C-4F3E-BE0E-8B587BE430B6}"
EndProject
Project("{8BC9CEB8-8B4A-11D0-8D11-00A0C91BC942}") = "DataTypes", "DataTypes\DataTypes.vcxproj", "{7B40C53A-DCF0-41AC-8F09-A6050CD6CD50}"
EndProject
Global
	GlobalSection(SolutionConfigurationPlatforms) = preSolution
		Debug|x64 = Debug|x64
		Debug|x86 = Debug|x86
		Release|x64 = Release|x64
		Release|x86 = Release|x86
	EndGlobalSection
	GlobalSection(ProjectConfigurationPlatforms) = postSolution
		{B6578B2F-ADE2-4C4D-9811-F76FD74611E0}.Debug|x64.ActiveCfg = Debug|x64
		{B6578B2F-ADE2-4C4D-9811-F76FD74611E0}.Debug|x64.Build.0 = Debug|x64
		{B6578B2F-ADE2-4C4D-9811-F76FD74611E0}.Debug|x86.ActiveCfg = Debug|Win32
		{B6578B2F-ADE2-4C4D-9811-F76FD74611E0}.Debug|x86.Build.0 = Debug|Win32
		{B6578B2F-ADE2-4C4D-9811-F76FD74611E0}.Release|x64.ActiveCfg = Release|x64
		{B6578B2F-ADE2-4C4D-9811-F76FD74611E0}.Release|x64.Build.0 = Release|x64
		{B6578B2F-ADE2-4C4D-9811-F76FD74611E0}.Release|x86.ActiveCfg = Release|Win32
		{B6578B2F-ADE2-4C4D-9811-F76FD74611E0}.Release|x86.Build.0 = Release|Win32
		{28763B52-FE6C-4F3E-BE0E-8B587BE430B6}.Debug|x64.ActiveCfg = Debug|x64
		{28763B52-FE6C-4F3E-BE0E-8B587BE430B6}.Debug|x64.Build.0 = Debug|x64
		{28763B52-FE6C-4F3E-BE0E-8B587BE430B6}.Debug|x86.ActiveCfg = Debug|Win32
		{28763B52-FE6C-4F3E-BE0E-8B587BE430B6}.Debug|x86.Build.0 = Debug|Win32
		{28763B52-FE6C-4F3E-BE0E-8B587BE430B6}.Release|x64.ActiveCfg = Release|x64
		{28763B52-FE6C-4F3E-BE0E-8B587BE430B6}.Release|x64.Build.0 = Release|x64
		{28763B52-FE6C-4F3E-BE0E-8B587BE430B6}.Release|x86.ActiveCfg = Release|Win32
		{28763B52-FE6C-4F3E-BE0E-8B587BE430B6}.Release|x86.Build.0 = Release|Win32
		{7B40C53A-DCF0-41AC-8F09-A6050CD6CD50}.Debug|x64.ActiveCfg = Debug|x64
		{7B40C53A-DCF0-41AC-8F09-A6050CD6CD50}.Debug|x64.Build.0 = Debug|x64
		{7B40C53A-DCF0-41AC-8F09-A6050CD6CD50}.Debug|x86.ActiveCfg = Debug|Win32
		{7B40C53A-DCF0-41AC-8F09-A6050CD6CD50}.Debug|x86.Build.0 = Debug|Win32
		{7B40C53A-DCF0-41AC-8F09-A6050CD6CD50}.Release|x64.ActiveCfg = Release|x64
		{7B40C53A-DCF0-41AC-8F09-A6050CD6CD50}.Release|x64.Build.0 = Release|x64
		{7B40C53A-DCF0-41AC-8F09-A6050CD6CD50}.Release|x86.ActiveCfg = Release|Win32
		{7B40C53A-DCF0-41AC-8F09-A6050CD6CD50}.Release|x86.Build.0 = Release|Win32
	EndGlobalSection
	GlobalSection(SolutionProperties) = preSolution
		HideSolutionNode = FALSE
	EndGlobalSection
	GlobalSection(ExtensibilityGlobals) = postSolution
		SolutionGuid = {96FCF843-5D31-4F1C-B16E-69C37775C03F}
	EndGlobalSection
EndGlobal
